
Microsoft Visual Studio Solution File, Format Version 12.00
Project("{FAE04EC0-301F-11D3-BF4B-00C04F79EFBC}") = "tests", "tests\tests.csproj", "{1545659A-D76C-4321-BE95-25343CFD78FF}"
EndProject
Project("{FAE04EC0-301F-11D3-BF4B-00C04F79EFBC}") = "Project", "project\Project.csproj", "{BCE58DF3-1F52-435A-A065-F3A2EDDAE123}"
EndProject
Global
	GlobalSection(SolutionConfigurationPlatforms) = preSolution
		Debug|Any CPU = Debug|Any CPU
		Release|Any CPU = Release|Any CPU
	EndGlobalSection
	GlobalSection(ProjectConfigurationPlatforms) = postSolution
		{1545659A-D76C-4321-BE95-25343CFD78FF}.Debug|Any CPU.ActiveCfg = Debug|Any CPU
		{1545659A-D76C-4321-BE95-25343CFD78FF}.Debug|Any CPU.Build.0 = Debug|Any CPU
		{1545659A-D76C-4321-BE95-25343CFD78FF}.Release|Any CPU.ActiveCfg = Release|Any CPU
		{1545659A-D76C-4321-BE95-25343CFD78FF}.Release|Any CPU.Build.0 = Release|Any CPU
		{BCE58DF3-1F52-435A-A065-F3A2EDDAE123}.Debug|Any CPU.ActiveCfg = Debug|Any CPU
		{BCE58DF3-1F52-435A-A065-F3A2EDDAE123}.Debug|Any CPU.Build.0 = Debug|Any CPU
		{BCE58DF3-1F52-435A-A065-F3A2EDDAE123}.Release|Any CPU.ActiveCfg = Debug|Any CPU
		{BCE58DF3-1F52-435A-A065-F3A2EDDAE123}.Release|Any CPU.Build.0 = Debug|Any CPU
	EndGlobalSection
EndGlobal
